
Microsoft Visual Studio Solution File, Format Version 12.00
# Visual Studio 15
VisualStudioVersion = 15.0.28307.168
MinimumVisualStudioVersion = 10.0.40219.1
Project("{9A19103F-16F7-4668-BE54-9A1E7A4F7556}") = "Naboo.Services", "Naboo.Services\Naboo.Services.csproj", "{168D4FFA-76D2-4CCF-A442-FA52A649F605}"
EndProject
Project("{9A19103F-16F7-4668-BE54-9A1E7A4F7556}") = "Naboo.DataAccess", "Naboo.DataAccess\Naboo.DataAccess.csproj", "{324AB53F-8EC0-4D7E-975E-F76D9F359BD0}"
EndProject
Project("{9A19103F-16F7-4668-BE54-9A1E7A4F7556}") = "Host", "Host\Host.csproj", "{AC411029-F86C-457E-A2E6-42B2449CC2C4}"
EndProject
Project("{9A19103F-16F7-4668-BE54-9A1E7A4F7556}") = "Naboo.Logic", "Naboo.Logic\Naboo.Logic.csproj", "{FF95E308-EBCC-4268-9998-582EB3D59566}"
EndProject
Project("{9A19103F-16F7-4668-BE54-9A1E7A4F7556}") = "Naboo.Entities", "Naboo.Entities\Naboo.Entities.csproj", "{413F56A9-A59F-41EF-A8A9-40AD368E0746}"
EndProject
Global
	GlobalSection(SolutionConfigurationPlatforms) = preSolution
		Debug|Any CPU = Debug|Any CPU
		Release|Any CPU = Release|Any CPU
	EndGlobalSection
	GlobalSection(ProjectConfigurationPlatforms) = postSolution
		{168D4FFA-76D2-4CCF-A442-FA52A649F605}.Debug|Any CPU.ActiveCfg = Debug|Any CPU
		{168D4FFA-76D2-4CCF-A442-FA52A649F605}.Debug|Any CPU.Build.0 = Debug|Any CPU
		{168D4FFA-76D2-4CCF-A442-FA52A649F605}.Release|Any CPU.ActiveCfg = Release|Any CPU
		{168D4FFA-76D2-4CCF-A442-FA52A649F605}.Release|Any CPU.Build.0 = Release|Any CPU
		{324AB53F-8EC0-4D7E-975E-F76D9F359BD0}.Debug|Any CPU.ActiveCfg = Debug|Any CPU
		{324AB53F-8EC0-4D7E-975E-F76D9F359BD0}.Debug|Any CPU.Build.0 = Debug|Any CPU
		{324AB53F-8EC0-4D7E-975E-F76D9F359BD0}.Release|Any CPU.ActiveCfg = Release|Any CPU
		{324AB53F-8EC0-4D7E-975E-F76D9F359BD0}.Release|Any CPU.Build.0 = Release|Any CPU
		{AC411029-F86C-457E-A2E6-42B2449CC2C4}.Debug|Any CPU.ActiveCfg = Debug|Any CPU
		{AC411029-F86C-457E-A2E6-42B2449CC2C4}.Debug|Any CPU.Build.0 = Debug|Any CPU
		{AC411029-F86C-457E-A2E6-42B2449CC2C4}.Release|Any CPU.ActiveCfg = Release|Any CPU
		{AC411029-F86C-457E-A2E6-42B2449CC2C4}.Release|Any CPU.Build.0 = Release|Any CPU
		{FF95E308-EBCC-4268-9998-582EB3D59566}.Debug|Any CPU.ActiveCfg = Debug|Any CPU
		{FF95E308-EBCC-4268-9998-582EB3D59566}.Debug|Any CPU.Build.0 = Debug|Any CPU
		{FF95E308-EBCC-4268-9998-582EB3D59566}.Release|Any CPU.ActiveCfg = Release|Any CPU
		{FF95E308-EBCC-4268-9998-582EB3D59566}.Release|Any CPU.Build.0 = Release|Any CPU
		{413F56A9-A59F-41EF-A8A9-40AD368E0746}.Debug|Any CPU.ActiveCfg = Debug|Any CPU
		{413F56A9-A59F-41EF-A8A9-40AD368E0746}.Debug|Any CPU.Build.0 = Debug|Any CPU
		{413F56A9-A59F-41EF-A8A9-40AD368E0746}.Release|Any CPU.ActiveCfg = Release|Any CPU
		{413F56A9-A59F-41EF-A8A9-40AD368E0746}.Release|Any CPU.Build.0 = Release|Any CPU
	EndGlobalSection
	GlobalSection(SolutionProperties) = preSolution
		HideSolutionNode = FALSE
	EndGlobalSection
	GlobalSection(ExtensibilityGlobals) = postSolution
		SolutionGuid = {B294E8C4-B11E-4847-90C1-3C1823BE5C33}
	EndGlobalSection
EndGlobal
